
Microsoft Visual Studio Solution File, Format Version 12.00
# Visual Studio Version 16
VisualStudioVersion = 16.0.30309.148
MinimumVisualStudioVersion = 10.0.40219.1
Project("{FAE04EC0-301F-11D3-BF4B-00C04F79EFBC}") = "YazilimBakimi", "YazilimBakimi\YazilimBakimi.csproj", "{57441913-14B6-4795-A2C3-9A78EED418C1}"
EndProject
Global
	GlobalSection(SolutionConfigurationPlatforms) = preSolution
		Debug|Any CPU = Debug|Any CPU
		Release|Any CPU = Release|Any CPU
	EndGlobalSection
	GlobalSection(ProjectConfigurationPlatforms) = postSolution
		{57441913-14B6-4795-A2C3-9A78EED418C1}.Debug|Any CPU.ActiveCfg = Debug|Any CPU
		{57441913-14B6-4795-A2C3-9A78EED418C1}.Debug|Any CPU.Build.0 = Debug|Any CPU
		{57441913-14B6-4795-A2C3-9A78EED418C1}.Release|Any CPU.ActiveCfg = Release|Any CPU
		{57441913-14B6-4795-A2C3-9A78EED418C1}.Release|Any CPU.Build.0 = Release|Any CPU
	EndGlobalSection
	GlobalSection(SolutionProperties) = preSolution
		HideSolutionNode = FALSE
	EndGlobalSection
	GlobalSection(ExtensibilityGlobals) = postSolution
		SolutionGuid = {F98F4B8D-F990-41F5-A92F-4FB90B651E1E}
	EndGlobalSection
EndGlobal
